
Microsoft Visual Studio Solution File, Format Version 12.00
# Visual Studio Version 16
VisualStudioVersion = 16.0.30523.141
MinimumVisualStudioVersion = 10.0.40219.1
Project("{FAE04EC0-301F-11D3-BF4B-00C04F79EFBC}") = "PictureViewer", "PictureViewer\PictureViewer.csproj", "{58FBCEA2-797F-4B39-8181-47BAB2BA24B2}"
EndProject
Global
	GlobalSection(SolutionConfigurationPlatforms) = preSolution
		Debug|Any CPU = Debug|Any CPU
		Release|Any CPU = Release|Any CPU
	EndGlobalSection
	GlobalSection(ProjectConfigurationPlatforms) = postSolution
		{58FBCEA2-797F-4B39-8181-47BAB2BA24B2}.Debug|Any CPU.ActiveCfg = Debug|Any CPU
		{58FBCEA2-797F-4B39-8181-47BAB2BA24B2}.Debug|Any CPU.Build.0 = Debug|Any CPU
		{58FBCEA2-797F-4B39-8181-47BAB2BA24B2}.Release|Any CPU.ActiveCfg = Release|Any CPU
		{58FBCEA2-797F-4B39-8181-47BAB2BA24B2}.Release|Any CPU.Build.0 = Release|Any CPU
	EndGlobalSection
	GlobalSection(SolutionProperties) = preSolution
		HideSolutionNode = FALSE
	EndGlobalSection
	GlobalSection(ExtensibilityGlobals) = postSolution
		SolutionGuid = {8B19A694-9DA9-47DB-B1CF-E6B56EAB2BD7}
	EndGlobalSection
EndGlobal
